
Microsoft Visual Studio Solution File, Format Version 12.00
# Visual Studio Version 16
VisualStudioVersion = 16.0.31729.503
MinimumVisualStudioVersion = 10.0.40219.1
Project("{FAE04EC0-301F-11D3-BF4B-00C04F79EFBC}") = "VkChatBot", "VkChatBot.csproj", "{B443306C-47BF-4F56-A73B-90C8EE43C4AB}"
EndProject
Global
	GlobalSection(SolutionConfigurationPlatforms) = preSolution
		Debug|Any CPU = Debug|Any CPU
		Release|Any CPU = Release|Any CPU
	EndGlobalSection
	GlobalSection(ProjectConfigurationPlatforms) = postSolution
		{B443306C-47BF-4F56-A73B-90C8EE43C4AB}.Debug|Any CPU.ActiveCfg = Debug|Any CPU
		{B443306C-47BF-4F56-A73B-90C8EE43C4AB}.Debug|Any CPU.Build.0 = Debug|Any CPU
		{B443306C-47BF-4F56-A73B-90C8EE43C4AB}.Release|Any CPU.ActiveCfg = Release|Any CPU
		{B443306C-47BF-4F56-A73B-90C8EE43C4AB}.Release|Any CPU.Build.0 = Release|Any CPU
	EndGlobalSection
	GlobalSection(SolutionProperties) = preSolution
		HideSolutionNode = FALSE
	EndGlobalSection
	GlobalSection(ExtensibilityGlobals) = postSolution
		SolutionGuid = {0EEBF67D-B14D-47F5-9EC6-5D4D6D4C23C7}
	EndGlobalSection
EndGlobal
